// !$*UTF8*$!
{
	archiveVersion = 1;
	classes = {
	};
	objectVersion = 46;
	objects = {

/* Begin PBXBuildFile section */
		5594DD8100014EDF7881A4E6 /* Pods_InkChatUITests.framework in Frameworks */ = {isa = PBXBuildFile; fileRef = 509B51E4D1580933001BA945 /* Pods_InkChatUITests.framework */; };
		7F81F42075E03968BE842FB8 /* Pods_InkChat.framework in Frameworks */ = {isa = PBXBuildFile; fileRef = 7A6F34CA4C5717511B6A3EA2 /* Pods_InkChat.framework */; };
		B1ECA7205701B7C8B807AE4C /* Pods_InkChatTests.framework in Frameworks */ = {isa = PBXBuildFile; fileRef = 33219DEFF5482D44CCE2FBD1 /* Pods_InkChatTests.framework */; };
		DE21F45F1EDD8A9E00D2A8EF /* UserInfoViewController.swift in Sources */ = {isa = PBXBuildFile; fileRef = DE21F45E1EDD8A9E00D2A8EF /* UserInfoViewController.swift */; };
		DE21F4611EDDA5BE00D2A8EF /* Double+Ext.swift in Sources */ = {isa = PBXBuildFile; fileRef = DE21F4601EDDA5BE00D2A8EF /* Double+Ext.swift */; };
		DE24F55C1EDD5DD500D0CC7D /* ChatViewController.swift in Sources */ = {isa = PBXBuildFile; fileRef = DE24F55B1EDD5DD500D0CC7D /* ChatViewController.swift */; };
		DE24F55E1EDD621400D0CC7D /* Message.swift in Sources */ = {isa = PBXBuildFile; fileRef = DE24F55D1EDD621300D0CC7D /* Message.swift */; };
		DE3E6EA21EDA7EC500C10B3E /* Profile.storyboard in Resources */ = {isa = PBXBuildFile; fileRef = DE6F4EE11ED8023F00313477 /* Profile.storyboard */; };
		DE3E6EA41EDA7F3D00C10B3E /* User.swift in Sources */ = {isa = PBXBuildFile; fileRef = DE3E6EA31EDA7F3D00C10B3E /* User.swift */; };
		DE3E6EA61EDA838300C10B3E /* SignUpViewController.swift in Sources */ = {isa = PBXBuildFile; fileRef = DE3E6EA51EDA838300C10B3E /* SignUpViewController.swift */; };
		DE3E6EA81EDAAE4400C10B3E /* TypeViewController.swift in Sources */ = {isa = PBXBuildFile; fileRef = DE3E6EA71EDAAE4400C10B3E /* TypeViewController.swift */; };
		DE3E6EAA1EDAB59400C10B3E /* PriceViewController.swift in Sources */ = {isa = PBXBuildFile; fileRef = DE3E6EA91EDAB59400C10B3E /* PriceViewController.swift */; };
		DE3E6EAC1EDAC1C500C10B3E /* SettingsTableViewController.swift in Sources */ = {isa = PBXBuildFile; fileRef = DE3E6EAB1EDAC1C500C10B3E /* SettingsTableViewController.swift */; };
		DE3E6EAE1EDADCA100C10B3E /* Product.swift in Sources */ = {isa = PBXBuildFile; fileRef = DE3E6EAD1EDADCA100C10B3E /* Product.swift */; };
		DE58668F1ED7BDB700FD57C1 /* AppDelegate.swift in Sources */ = {isa = PBXBuildFile; fileRef = DE58668E1ED7BDB700FD57C1 /* AppDelegate.swift */; };
		DE5866941ED7BDB700FD57C1 /* Main.storyboard in Resources */ = {isa = PBXBuildFile; fileRef = DE5866921ED7BDB700FD57C1 /* Main.storyboard */; };
		DE5866971ED7BDB700FD57C1 /* InkChat.xcdatamodeld in Sources */ = {isa = PBXBuildFile; fileRef = DE5866951ED7BDB700FD57C1 /* InkChat.xcdatamodeld */; };
		DE5866991ED7BDB700FD57C1 /* Assets.xcassets in Resources */ = {isa = PBXBuildFile; fileRef = DE5866981ED7BDB700FD57C1 /* Assets.xcassets */; };
		DE58669C1ED7BDB700FD57C1 /* LaunchScreen.storyboard in Resources */ = {isa = PBXBuildFile; fileRef = DE58669A1ED7BDB700FD57C1 /* LaunchScreen.storyboard */; };
		DE5866A71ED7BDB700FD57C1 /* InkChatTests.swift in Sources */ = {isa = PBXBuildFile; fileRef = DE5866A61ED7BDB700FD57C1 /* InkChatTests.swift */; };
		DE5866B21ED7BDB700FD57C1 /* InkChatUITests.swift in Sources */ = {isa = PBXBuildFile; fileRef = DE5866B11ED7BDB700FD57C1 /* InkChatUITests.swift */; };
		DE5866C61ED7D72900FD57C1 /* MainTableViewCell.swift in Sources */ = {isa = PBXBuildFile; fileRef = DE5866C51ED7D72900FD57C1 /* MainTableViewCell.swift */; };
		DE5867151ED7DCEC00FD57C1 /* SearchControllerBaseViewController.swift in Sources */ = {isa = PBXBuildFile; fileRef = DE5867131ED7DCEC00FD57C1 /* SearchControllerBaseViewController.swift */; };
		DE5867161ED7DCEC00FD57C1 /* SearchResultsViewController.swift in Sources */ = {isa = PBXBuildFile; fileRef = DE5867141ED7DCEC00FD57C1 /* SearchResultsViewController.swift */; };
		DE5867181ED7DDD700FD57C1 /* MainTableViewCell.xib in Resources */ = {isa = PBXBuildFile; fileRef = DE5867171ED7DDD700FD57C1 /* MainTableViewCell.xib */; };
		DE58674C1ED7E14F00FD57C1 /* ReusableView.swift in Sources */ = {isa = PBXBuildFile; fileRef = DE58674A1ED7E14F00FD57C1 /* ReusableView.swift */; };
		DE58674D1ED7E14F00FD57C1 /* NibLoadableView.swift in Sources */ = {isa = PBXBuildFile; fileRef = DE58674B1ED7E14F00FD57C1 /* NibLoadableView.swift */; };
		DE5867501ED7E17500FD57C1 /* UICollectionView+Ext.swift in Sources */ = {isa = PBXBuildFile; fileRef = DE58674F1ED7E17500FD57C1 /* UICollectionView+Ext.swift */; };
		DE5867521ED7E1A700FD57C1 /* UITableView+Ext.swift in Sources */ = {isa = PBXBuildFile; fileRef = DE5867511ED7E1A700FD57C1 /* UITableView+Ext.swift */; };
		DE5867541ED7E33E00FD57C1 /* MainViewController.swift in Sources */ = {isa = PBXBuildFile; fileRef = DE5866C01ED7C2D100FD57C1 /* MainViewController.swift */; };
		DE6F4EE51ED8157500313477 /* MapKit.framework in Frameworks */ = {isa = PBXBuildFile; fileRef = DE6F4EE41ED8157500313477 /* MapKit.framework */; };
		DE6F4EE71ED8167A00313477 /* TattooCollectionViewController.swift in Sources */ = {isa = PBXBuildFile; fileRef = DE6F4EE61ED8167A00313477 /* TattooCollectionViewController.swift */; };
		DE6F4EEC1ED816F600313477 /* TattooCollectionViewCell.swift in Sources */ = {isa = PBXBuildFile; fileRef = DE6F4EEA1ED816F600313477 /* TattooCollectionViewCell.swift */; };
		DE6F4EED1ED816F600313477 /* TattooCollectionViewCell.xib in Resources */ = {isa = PBXBuildFile; fileRef = DE6F4EEB1ED816F600313477 /* TattooCollectionViewCell.xib */; };
		DE6F4EEF1ED8363100313477 /* CustomViewController.swift in Sources */ = {isa = PBXBuildFile; fileRef = DE6F4EEE1ED8363100313477 /* CustomViewController.swift */; };
		DE6F4EF11ED83B8E00313477 /* FollowViewController.swift in Sources */ = {isa = PBXBuildFile; fileRef = DE6F4EF01ED83B8E00313477 /* FollowViewController.swift */; };
		DE6F4EF31ED83C9D00313477 /* FollowTableViewCell.swift in Sources */ = {isa = PBXBuildFile; fileRef = DE6F4EF21ED83C9D00313477 /* FollowTableViewCell.swift */; };
		DE6F4EF51ED841E100313477 /* MyProfileViewController.swift in Sources */ = {isa = PBXBuildFile; fileRef = DE6F4EF41ED841E100313477 /* MyProfileViewController.swift */; };
		DE6F4EF71ED8492200313477 /* ProfileViewController.swift in Sources */ = {isa = PBXBuildFile; fileRef = DE6F4EF61ED8492200313477 /* ProfileViewController.swift */; };
		DE6F4F021ED8543400313477 /* Login.storyboard in Resources */ = {isa = PBXBuildFile; fileRef = DE6F4F001ED8543400313477 /* Login.storyboard */; };
		DE6F4F041ED8618300313477 /* StyleViewController.swift in Sources */ = {isa = PBXBuildFile; fileRef = DE6F4F031ED8618300313477 /* StyleViewController.swift */; };
		DE6F4F061ED863AD00313477 /* StyleCollectionViewCell.swift in Sources */ = {isa = PBXBuildFile; fileRef = DE6F4F051ED863AD00313477 /* StyleCollectionViewCell.swift */; };
		DE6F4F081ED8654700313477 /* LoginViewController.swift in Sources */ = {isa = PBXBuildFile; fileRef = DE6F4F071ED8654700313477 /* LoginViewController.swift */; };
		DEDD8E211ED980E900AE8FF0 /* GoogleService-Info.plist in Resources */ = {isa = PBXBuildFile; fileRef = DEDD8E201ED980E900AE8FF0 /* GoogleService-Info.plist */; };
/* End PBXBuildFile section */

/* Begin PBXContainerItemProxy section */
		DE5866A31ED7BDB700FD57C1 /* PBXContainerItemProxy */ = {
			isa = PBXContainerItemProxy;
			containerPortal = DE5866831ED7BDB600FD57C1 /* Project object */;
			proxyType = 1;
			remoteGlobalIDString = DE58668A1ED7BDB700FD57C1;
			remoteInfo = InkChat;
		};
		DE5866AE1ED7BDB700FD57C1 /* PBXContainerItemProxy */ = {
			isa = PBXContainerItemProxy;
			containerPortal = DE5866831ED7BDB600FD57C1 /* Project object */;
			proxyType = 1;
			remoteGlobalIDString = DE58668A1ED7BDB700FD57C1;
			remoteInfo = InkChat;
		};
/* End PBXContainerItemProxy section */

/* Begin PBXFileReference section */
		06D876E6C3AE3ABD9287E6EF /* Pods-InkChatUITests.release.xcconfig */ = {isa = PBXFileReference; includeInIndex = 1; lastKnownFileType = text.xcconfig; name = "Pods-InkChatUITests.release.xcconfig"; path = "Pods/Target Support Files/Pods-InkChatUITests/Pods-InkChatUITests.release.xcconfig"; sourceTree = "<group>"; };
		33219DEFF5482D44CCE2FBD1 /* Pods_InkChatTests.framework */ = {isa = PBXFileReference; explicitFileType = wrapper.framework; includeInIndex = 0; path = Pods_InkChatTests.framework; sourceTree = BUILT_PRODUCTS_DIR; };
		3F5C62FEEB1237A717733983 /* Pods-InkChat.release.xcconfig */ = {isa = PBXFileReference; includeInIndex = 1; lastKnownFileType = text.xcconfig; name = "Pods-InkChat.release.xcconfig"; path = "Pods/Target Support Files/Pods-InkChat/Pods-InkChat.release.xcconfig"; sourceTree = "<group>"; };
		46B7B5CCB6F95FA42CA19AE6 /* Pods-InkChatUITests.debug.xcconfig */ = {isa = PBXFileReference; includeInIndex = 1; lastKnownFileType = text.xcconfig; name = "Pods-InkChatUITests.debug.xcconfig"; path = "Pods/Target Support Files/Pods-InkChatUITests/Pods-InkChatUITests.debug.xcconfig"; sourceTree = "<group>"; };
		509B51E4D1580933001BA945 /* Pods_InkChatUITests.framework */ = {isa = PBXFileReference; explicitFileType = wrapper.framework; includeInIndex = 0; path = Pods_InkChatUITests.framework; sourceTree = BUILT_PRODUCTS_DIR; };
		7A6F34CA4C5717511B6A3EA2 /* Pods_InkChat.framework */ = {isa = PBXFileReference; explicitFileType = wrapper.framework; includeInIndex = 0; path = Pods_InkChat.framework; sourceTree = BUILT_PRODUCTS_DIR; };
		AC58A2858F0C255140D1BE70 /* Pods-InkChat.debug.xcconfig */ = {isa = PBXFileReference; includeInIndex = 1; lastKnownFileType = text.xcconfig; name = "Pods-InkChat.debug.xcconfig"; path = "Pods/Target Support Files/Pods-InkChat/Pods-InkChat.debug.xcconfig"; sourceTree = "<group>"; };
		DB9CCE2F8417C33343C911AD /* Pods-InkChatTests.release.xcconfig */ = {isa = PBXFileReference; includeInIndex = 1; lastKnownFileType = text.xcconfig; name = "Pods-InkChatTests.release.xcconfig"; path = "Pods/Target Support Files/Pods-InkChatTests/Pods-InkChatTests.release.xcconfig"; sourceTree = "<group>"; };
		DE21F45E1EDD8A9E00D2A8EF /* UserInfoViewController.swift */ = {isa = PBXFileReference; fileEncoding = 4; lastKnownFileType = sourcecode.swift; path = UserInfoViewController.swift; sourceTree = "<group>"; };
		DE21F4601EDDA5BE00D2A8EF /* Double+Ext.swift */ = {isa = PBXFileReference; fileEncoding = 4; lastKnownFileType = sourcecode.swift; path = "Double+Ext.swift"; sourceTree = "<group>"; };
		DE24F55B1EDD5DD500D0CC7D /* ChatViewController.swift */ = {isa = PBXFileReference; fileEncoding = 4; lastKnownFileType = sourcecode.swift; path = ChatViewController.swift; sourceTree = "<group>"; };
		DE24F55D1EDD621300D0CC7D /* Message.swift */ = {isa = PBXFileReference; fileEncoding = 4; lastKnownFileType = sourcecode.swift; path = Message.swift; sourceTree = "<group>"; };
		DE3E6EA31EDA7F3D00C10B3E /* User.swift */ = {isa = PBXFileReference; fileEncoding = 4; lastKnownFileType = sourcecode.swift; path = User.swift; sourceTree = "<group>"; };
		DE3E6EA51EDA838300C10B3E /* SignUpViewController.swift */ = {isa = PBXFileReference; fileEncoding = 4; lastKnownFileType = sourcecode.swift; path = SignUpViewController.swift; sourceTree = "<group>"; };
		DE3E6EA71EDAAE4400C10B3E /* TypeViewController.swift */ = {isa = PBXFileReference; fileEncoding = 4; lastKnownFileType = sourcecode.swift; path = TypeViewController.swift; sourceTree = "<group>"; };
		DE3E6EA91EDAB59400C10B3E /* PriceViewController.swift */ = {isa = PBXFileReference; fileEncoding = 4; lastKnownFileType = sourcecode.swift; path = PriceViewController.swift; sourceTree = "<group>"; };
		DE3E6EAB1EDAC1C500C10B3E /* SettingsTableViewController.swift */ = {isa = PBXFileReference; fileEncoding = 4; lastKnownFileType = sourcecode.swift; path = SettingsTableViewController.swift; sourceTree = "<group>"; };
		DE3E6EAD1EDADCA100C10B3E /* Product.swift */ = {isa = PBXFileReference; fileEncoding = 4; lastKnownFileType = sourcecode.swift; path = Product.swift; sourceTree = "<group>"; };
		DE58668B1ED7BDB700FD57C1 /* InkChat.app */ = {isa = PBXFileReference; explicitFileType = wrapper.application; includeInIndex = 0; path = InkChat.app; sourceTree = BUILT_PRODUCTS_DIR; };
		DE58668E1ED7BDB700FD57C1 /* AppDelegate.swift */ = {isa = PBXFileReference; lastKnownFileType = sourcecode.swift; path = AppDelegate.swift; sourceTree = "<group>"; };
		DE5866931ED7BDB700FD57C1 /* Base */ = {isa = PBXFileReference; lastKnownFileType = file.storyboard; name = Base; path = Base.lproj/Main.storyboard; sourceTree = "<group>"; };
		DE5866961ED7BDB700FD57C1 /* InkChat.xcdatamodel */ = {isa = PBXFileReference; lastKnownFileType = wrapper.xcdatamodel; path = InkChat.xcdatamodel; sourceTree = "<group>"; };
		DE5866981ED7BDB700FD57C1 /* Assets.xcassets */ = {isa = PBXFileReference; lastKnownFileType = folder.assetcatalog; path = Assets.xcassets; sourceTree = "<group>"; };
		DE58669B1ED7BDB700FD57C1 /* Base */ = {isa = PBXFileReference; lastKnownFileType = file.storyboard; name = Base; path = Base.lproj/LaunchScreen.storyboard; sourceTree = "<group>"; };
		DE58669D1ED7BDB700FD57C1 /* Info.plist */ = {isa = PBXFileReference; lastKnownFileType = text.plist.xml; path = Info.plist; sourceTree = "<group>"; };
		DE5866A21ED7BDB700FD57C1 /* InkChatTests.xctest */ = {isa = PBXFileReference; explicitFileType = wrapper.cfbundle; includeInIndex = 0; path = InkChatTests.xctest; sourceTree = BUILT_PRODUCTS_DIR; };
		DE5866A61ED7BDB700FD57C1 /* InkChatTests.swift */ = {isa = PBXFileReference; lastKnownFileType = sourcecode.swift; path = InkChatTests.swift; sourceTree = "<group>"; };
		DE5866A81ED7BDB700FD57C1 /* Info.plist */ = {isa = PBXFileReference; lastKnownFileType = text.plist.xml; path = Info.plist; sourceTree = "<group>"; };
		DE5866AD1ED7BDB700FD57C1 /* InkChatUITests.xctest */ = {isa = PBXFileReference; explicitFileType = wrapper.cfbundle; includeInIndex = 0; path = InkChatUITests.xctest; sourceTree = BUILT_PRODUCTS_DIR; };
		DE5866B11ED7BDB700FD57C1 /* InkChatUITests.swift */ = {isa = PBXFileReference; lastKnownFileType = sourcecode.swift; path = InkChatUITests.swift; sourceTree = "<group>"; };
		DE5866B31ED7BDB700FD57C1 /* Info.plist */ = {isa = PBXFileReference; lastKnownFileType = text.plist.xml; path = Info.plist; sourceTree = "<group>"; };
		DE5866C01ED7C2D100FD57C1 /* MainViewController.swift */ = {isa = PBXFileReference; fileEncoding = 4; lastKnownFileType = sourcecode.swift; path = MainViewController.swift; sourceTree = "<group>"; };
		DE5866C51ED7D72900FD57C1 /* MainTableViewCell.swift */ = {isa = PBXFileReference; fileEncoding = 4; lastKnownFileType = sourcecode.swift; path = MainTableViewCell.swift; sourceTree = "<group>"; };
		DE5867131ED7DCEC00FD57C1 /* SearchControllerBaseViewController.swift */ = {isa = PBXFileReference; fileEncoding = 4; lastKnownFileType = sourcecode.swift; path = SearchControllerBaseViewController.swift; sourceTree = "<group>"; };
		DE5867141ED7DCEC00FD57C1 /* SearchResultsViewController.swift */ = {isa = PBXFileReference; fileEncoding = 4; lastKnownFileType = sourcecode.swift; path = SearchResultsViewController.swift; sourceTree = "<group>"; };
		DE5867171ED7DDD700FD57C1 /* MainTableViewCell.xib */ = {isa = PBXFileReference; fileEncoding = 4; lastKnownFileType = file.xib; path = MainTableViewCell.xib; sourceTree = "<group>"; };
		DE58674A1ED7E14F00FD57C1 /* ReusableView.swift */ = {isa = PBXFileReference; fileEncoding = 4; lastKnownFileType = sourcecode.swift; path = ReusableView.swift; sourceTree = "<group>"; };
		DE58674B1ED7E14F00FD57C1 /* NibLoadableView.swift */ = {isa = PBXFileReference; fileEncoding = 4; lastKnownFileType = sourcecode.swift; path = NibLoadableView.swift; sourceTree = "<group>"; };
		DE58674F1ED7E17500FD57C1 /* UICollectionView+Ext.swift */ = {isa = PBXFileReference; fileEncoding = 4; lastKnownFileType = sourcecode.swift; path = "UICollectionView+Ext.swift"; sourceTree = "<group>"; };
		DE5867511ED7E1A700FD57C1 /* UITableView+Ext.swift */ = {isa = PBXFileReference; fileEncoding = 4; lastKnownFileType = sourcecode.swift; path = "UITableView+Ext.swift"; sourceTree = "<group>"; };
		DE6F4EE11ED8023F00313477 /* Profile.storyboard */ = {isa = PBXFileReference; fileEncoding = 4; lastKnownFileType = file.storyboard; name = Profile.storyboard; path = ../Base.lproj/Profile.storyboard; sourceTree = "<group>"; };
		DE6F4EE41ED8157500313477 /* MapKit.framework */ = {isa = PBXFileReference; lastKnownFileType = wrapper.framework; name = MapKit.framework; path = System/Library/Frameworks/MapKit.framework; sourceTree = SDKROOT; };
		DE6F4EE61ED8167A00313477 /* TattooCollectionViewController.swift */ = {isa = PBXFileReference; fileEncoding = 4; lastKnownFileType = sourcecode.swift; path = TattooCollectionViewController.swift; sourceTree = "<group>"; };
		DE6F4EEA1ED816F600313477 /* TattooCollectionViewCell.swift */ = {isa = PBXFileReference; fileEncoding = 4; lastKnownFileType = sourcecode.swift; path = TattooCollectionViewCell.swift; sourceTree = "<group>"; };
		DE6F4EEB1ED816F600313477 /* TattooCollectionViewCell.xib */ = {isa = PBXFileReference; fileEncoding = 4; lastKnownFileType = file.xib; path = TattooCollectionViewCell.xib; sourceTree = "<group>"; };
		DE6F4EEE1ED8363100313477 /* CustomViewController.swift */ = {isa = PBXFileReference; fileEncoding = 4; lastKnownFileType = sourcecode.swift; path = CustomViewController.swift; sourceTree = "<group>"; };
		DE6F4EF01ED83B8E00313477 /* FollowViewController.swift */ = {isa = PBXFileReference; fileEncoding = 4; lastKnownFileType = sourcecode.swift; path = FollowViewController.swift; sourceTree = "<group>"; };
		DE6F4EF21ED83C9D00313477 /* FollowTableViewCell.swift */ = {isa = PBXFileReference; fileEncoding = 4; lastKnownFileType = sourcecode.swift; path = FollowTableViewCell.swift; sourceTree = "<group>"; };
		DE6F4EF41ED841E100313477 /* MyProfileViewController.swift */ = {isa = PBXFileReference; fileEncoding = 4; lastKnownFileType = sourcecode.swift; path = MyProfileViewController.swift; sourceTree = "<group>"; };
		DE6F4EF61ED8492200313477 /* ProfileViewController.swift */ = {isa = PBXFileReference; fileEncoding = 4; lastKnownFileType = sourcecode.swift; path = ProfileViewController.swift; sourceTree = "<group>"; };
		DE6F4F011ED8543400313477 /* Base */ = {isa = PBXFileReference; lastKnownFileType = file.storyboard; name = Base; path = InkChat/Base.lproj/Login.storyboard; sourceTree = SOURCE_ROOT; };
		DE6F4F031ED8618300313477 /* StyleViewController.swift */ = {isa = PBXFileReference; fileEncoding = 4; lastKnownFileType = sourcecode.swift; path = StyleViewController.swift; sourceTree = "<group>"; };
		DE6F4F051ED863AD00313477 /* StyleCollectionViewCell.swift */ = {isa = PBXFileReference; fileEncoding = 4; lastKnownFileType = sourcecode.swift; path = StyleCollectionViewCell.swift; sourceTree = "<group>"; };
		DE6F4F071ED8654700313477 /* LoginViewController.swift */ = {isa = PBXFileReference; fileEncoding = 4; lastKnownFileType = sourcecode.swift; path = LoginViewController.swift; sourceTree = "<group>"; };
		DEDD8E201ED980E900AE8FF0 /* GoogleService-Info.plist */ = {isa = PBXFileReference; fileEncoding = 4; lastKnownFileType = text.plist.xml; path = "GoogleService-Info.plist"; sourceTree = "<group>"; };
		F61F3FABFA810316A23FB7A1 /* Pods-InkChatTests.debug.xcconfig */ = {isa = PBXFileReference; includeInIndex = 1; lastKnownFileType = text.xcconfig; name = "Pods-InkChatTests.debug.xcconfig"; path = "Pods/Target Support Files/Pods-InkChatTests/Pods-InkChatTests.debug.xcconfig"; sourceTree = "<group>"; };
/* End PBXFileReference section */

/* Begin PBXFrameworksBuildPhase section */
		DE5866881ED7BDB700FD57C1 /* Frameworks */ = {
			isa = PBXFrameworksBuildPhase;
			buildActionMask = 2147483647;
			files = (
				DE6F4EE51ED8157500313477 /* MapKit.framework in Frameworks */,
				7F81F42075E03968BE842FB8 /* Pods_InkChat.framework in Frameworks */,
			);
			runOnlyForDeploymentPostprocessing = 0;
		};
		DE58669F1ED7BDB700FD57C1 /* Frameworks */ = {
			isa = PBXFrameworksBuildPhase;
			buildActionMask = 2147483647;
			files = (
				B1ECA7205701B7C8B807AE4C /* Pods_InkChatTests.framework in Frameworks */,
			);
			runOnlyForDeploymentPostprocessing = 0;
		};
		DE5866AA1ED7BDB700FD57C1 /* Frameworks */ = {
			isa = PBXFrameworksBuildPhase;
			buildActionMask = 2147483647;
			files = (
				5594DD8100014EDF7881A4E6 /* Pods_InkChatUITests.framework in Frameworks */,
			);
			runOnlyForDeploymentPostprocessing = 0;
		};
/* End PBXFrameworksBuildPhase section */

/* Begin PBXGroup section */
		9648A07B538FEBF9186C19BA /* Pods */ = {
			isa = PBXGroup;
			children = (
				AC58A2858F0C255140D1BE70 /* Pods-InkChat.debug.xcconfig */,
				3F5C62FEEB1237A717733983 /* Pods-InkChat.release.xcconfig */,
				F61F3FABFA810316A23FB7A1 /* Pods-InkChatTests.debug.xcconfig */,
				DB9CCE2F8417C33343C911AD /* Pods-InkChatTests.release.xcconfig */,
				46B7B5CCB6F95FA42CA19AE6 /* Pods-InkChatUITests.debug.xcconfig */,
				06D876E6C3AE3ABD9287E6EF /* Pods-InkChatUITests.release.xcconfig */,
			);
			name = Pods;
			sourceTree = "<group>";
		};
		DE5866821ED7BDB600FD57C1 = {
			isa = PBXGroup;
			children = (
				DE58668D1ED7BDB700FD57C1 /* InkChat */,
				DE5866A51ED7BDB700FD57C1 /* InkChatTests */,
				DE5866B01ED7BDB700FD57C1 /* InkChatUITests */,
				DE58668C1ED7BDB700FD57C1 /* Products */,
				DE6F4EE31ED8157500313477 /* Frameworks */,
				9648A07B538FEBF9186C19BA /* Pods */,
			);
			sourceTree = "<group>";
		};
		DE58668C1ED7BDB700FD57C1 /* Products */ = {
			isa = PBXGroup;
			children = (
				DE58668B1ED7BDB700FD57C1 /* InkChat.app */,
				DE5866A21ED7BDB700FD57C1 /* InkChatTests.xctest */,
				DE5866AD1ED7BDB700FD57C1 /* InkChatUITests.xctest */,
			);
			name = Products;
			sourceTree = "<group>";
		};
		DE58668D1ED7BDB700FD57C1 /* InkChat */ = {
			isa = PBXGroup;
			children = (
				DE58674E1ED7E15300FD57C1 /* Extensions */,
				DE5867491ED7E11000FD57C1 /* Protocols */,
				DE5866BF1ED7C2AE00FD57C1 /* Main */,
				DE6F4EDD1ED8010E00313477 /* Profile */,
				DE6F4EF91ED8537200313477 /* Login */,
				DE58668E1ED7BDB700FD57C1 /* AppDelegate.swift */,
				DE5866981ED7BDB700FD57C1 /* Assets.xcassets */,
				DE58669A1ED7BDB700FD57C1 /* LaunchScreen.storyboard */,
				DE58669D1ED7BDB700FD57C1 /* Info.plist */,
				DEDD8E201ED980E900AE8FF0 /* GoogleService-Info.plist */,
				DE5866951ED7BDB700FD57C1 /* InkChat.xcdatamodeld */,
			);
			path = InkChat;
			sourceTree = "<group>";
		};
		DE5866A51ED7BDB700FD57C1 /* InkChatTests */ = {
			isa = PBXGroup;
			children = (
				DE5866A61ED7BDB700FD57C1 /* InkChatTests.swift */,
				DE5866A81ED7BDB700FD57C1 /* Info.plist */,
			);
			path = InkChatTests;
			sourceTree = "<group>";
		};
		DE5866B01ED7BDB700FD57C1 /* InkChatUITests */ = {
			isa = PBXGroup;
			children = (
				DE5866B11ED7BDB700FD57C1 /* InkChatUITests.swift */,
				DE5866B31ED7BDB700FD57C1 /* Info.plist */,
			);
			path = InkChatUITests;
			sourceTree = "<group>";
		};
		DE5866BF1ED7C2AE00FD57C1 /* Main */ = {
			isa = PBXGroup;
			children = (
				DE5866921ED7BDB700FD57C1 /* Main.storyboard */,
				DE5866C41ED7C69B00FD57C1 /* Controller */,
				DE5866C31ED7C69800FD57C1 /* View */,
				DE5866C21ED7C69100FD57C1 /* Model */,
			);
			path = Main;
			sourceTree = "<group>";
		};
		DE5866C21ED7C69100FD57C1 /* Model */ = {
			isa = PBXGroup;
			children = (
			);
			path = Model;
			sourceTree = "<group>";
		};
		DE5866C31ED7C69800FD57C1 /* View */ = {
			isa = PBXGroup;
			children = (
				DE5866C51ED7D72900FD57C1 /* MainTableViewCell.swift */,
				DE5867171ED7DDD700FD57C1 /* MainTableViewCell.xib */,
				DE6F4EEA1ED816F600313477 /* TattooCollectionViewCell.swift */,
				DE6F4EEB1ED816F600313477 /* TattooCollectionViewCell.xib */,
			);
			path = View;
			sourceTree = "<group>";
		};
		DE5866C41ED7C69B00FD57C1 /* Controller */ = {
			isa = PBXGroup;
			children = (
				DE5867121ED7DCC000FD57C1 /* BaseViewControllers */,
				DE5866C01ED7C2D100FD57C1 /* MainViewController.swift */,
				DE6F4EE61ED8167A00313477 /* TattooCollectionViewController.swift */,
				DE6F4EEE1ED8363100313477 /* CustomViewController.swift */,
			);
			path = Controller;
			sourceTree = "<group>";
		};
		DE5867121ED7DCC000FD57C1 /* BaseViewControllers */ = {
			isa = PBXGroup;
			children = (
				DE5867131ED7DCEC00FD57C1 /* SearchControllerBaseViewController.swift */,
				DE5867141ED7DCEC00FD57C1 /* SearchResultsViewController.swift */,
			);
			path = BaseViewControllers;
			sourceTree = "<group>";
		};
		DE5867491ED7E11000FD57C1 /* Protocols */ = {
			isa = PBXGroup;
			children = (
				DE58674A1ED7E14F00FD57C1 /* ReusableView.swift */,
				DE58674B1ED7E14F00FD57C1 /* NibLoadableView.swift */,
			);
			path = Protocols;
			sourceTree = "<group>";
		};
		DE58674E1ED7E15300FD57C1 /* Extensions */ = {
			isa = PBXGroup;
			children = (
				DE5867511ED7E1A700FD57C1 /* UITableView+Ext.swift */,
				DE58674F1ED7E17500FD57C1 /* UICollectionView+Ext.swift */,
				DE21F4601EDDA5BE00D2A8EF /* Double+Ext.swift */,
			);
			path = Extensions;
			sourceTree = "<group>";
		};
		DE6F4EDD1ED8010E00313477 /* Profile */ = {
			isa = PBXGroup;
			children = (
				DE6F4EE11ED8023F00313477 /* Profile.storyboard */,
				DE6F4EDE1ED8021800313477 /* Controller */,
				DE6F4EDF1ED8021800313477 /* Model */,
				DE6F4EE01ED8021800313477 /* View */,
			);
			path = Profile;
			sourceTree = "<group>";
		};
		DE6F4EDE1ED8021800313477 /* Controller */ = {
			isa = PBXGroup;
			children = (
				DE6F4EF01ED83B8E00313477 /* FollowViewController.swift */,
				DE6F4EF41ED841E100313477 /* MyProfileViewController.swift */,
				DE6F4EF61ED8492200313477 /* ProfileViewController.swift */,
				DE3E6EAB1EDAC1C500C10B3E /* SettingsTableViewController.swift */,
				DE24F55B1EDD5DD500D0CC7D /* ChatViewController.swift */,
				DE21F45E1EDD8A9E00D2A8EF /* UserInfoViewController.swift */,
			);
			path = Controller;
			sourceTree = "<group>";
		};
		DE6F4EDF1ED8021800313477 /* Model */ = {
			isa = PBXGroup;
			children = (
				DE3E6EAD1EDADCA100C10B3E /* Product.swift */,
				DE24F55D1EDD621300D0CC7D /* Message.swift */,
			);
			path = Model;
			sourceTree = "<group>";
		};
		DE6F4EE01ED8021800313477 /* View */ = {
			isa = PBXGroup;
			children = (
				DE6F4EF21ED83C9D00313477 /* FollowTableViewCell.swift */,
			);
			path = View;
			sourceTree = "<group>";
		};
		DE6F4EE31ED8157500313477 /* Frameworks */ = {
			isa = PBXGroup;
			children = (
				DE6F4EE41ED8157500313477 /* MapKit.framework */,
				7A6F34CA4C5717511B6A3EA2 /* Pods_InkChat.framework */,
				33219DEFF5482D44CCE2FBD1 /* Pods_InkChatTests.framework */,
				509B51E4D1580933001BA945 /* Pods_InkChatUITests.framework */,
			);
			name = Frameworks;
			sourceTree = "<group>";
		};
		DE6F4EF91ED8537200313477 /* Login */ = {
			isa = PBXGroup;
			children = (
				DE6F4F001ED8543400313477 /* Login.storyboard */,
				DE6F4EFA1ED8537200313477 /* Controller */,
				DE6F4EFB1ED8537200313477 /* Model */,
				DE6F4EFC1ED8537200313477 /* View */,
			);
			path = Login;
			sourceTree = "<group>";
		};
		DE6F4EFA1ED8537200313477 /* Controller */ = {
			isa = PBXGroup;
			children = (
				DE6F4F031ED8618300313477 /* StyleViewController.swift */,
				DE6F4F071ED8654700313477 /* LoginViewController.swift */,
				DE3E6EA51EDA838300C10B3E /* SignUpViewController.swift */,
				DE3E6EA71EDAAE4400C10B3E /* TypeViewController.swift */,
				DE3E6EA91EDAB59400C10B3E /* PriceViewController.swift */,
			);
			path = Controller;
			sourceTree = "<group>";
		};
		DE6F4EFB1ED8537200313477 /* Model */ = {
			isa = PBXGroup;
			children = (
				DE3E6EA31EDA7F3D00C10B3E /* User.swift */,
			);
			path = Model;
			sourceTree = "<group>";
		};
		DE6F4EFC1ED8537200313477 /* View */ = {
			isa = PBXGroup;
			children = (
				DE6F4F051ED863AD00313477 /* StyleCollectionViewCell.swift */,
			);
			path = View;
			sourceTree = "<group>";
		};
/* End PBXGroup section */

/* Begin PBXNativeTarget section */
		DE58668A1ED7BDB700FD57C1 /* InkChat */ = {
			isa = PBXNativeTarget;
			buildConfigurationList = DE5866B61ED7BDB700FD57C1 /* Build configuration list for PBXNativeTarget "InkChat" */;
			buildPhases = (
				561CCD35E037038175C07C85 /* [CP] Check Pods Manifest.lock */,
				DE5866871ED7BDB700FD57C1 /* Sources */,
				DE5866881ED7BDB700FD57C1 /* Frameworks */,
				DE5866891ED7BDB700FD57C1 /* Resources */,
				DE5866C71ED7DA5E00FD57C1 /* ShellScript */,
				2AAAD316E1138447936D52B1 /* [CP] Embed Pods Frameworks */,
				44BB673095665428B6CDDD46 /* [CP] Copy Pods Resources */,
			);
			buildRules = (
			);
			dependencies = (
			);
			name = InkChat;
			productName = InkChat;
			productReference = DE58668B1ED7BDB700FD57C1 /* InkChat.app */;
			productType = "com.apple.product-type.application";
		};
		DE5866A11ED7BDB700FD57C1 /* InkChatTests */ = {
			isa = PBXNativeTarget;
			buildConfigurationList = DE5866B91ED7BDB800FD57C1 /* Build configuration list for PBXNativeTarget "InkChatTests" */;
			buildPhases = (
				142C46F42A8886CF24F96197 /* [CP] Check Pods Manifest.lock */,
				DE58669E1ED7BDB700FD57C1 /* Sources */,
				DE58669F1ED7BDB700FD57C1 /* Frameworks */,
				DE5866A01ED7BDB700FD57C1 /* Resources */,
				58307B19699B71E9C4430B8C /* [CP] Embed Pods Frameworks */,
				E7B0D318E48A7A32A01C707E /* [CP] Copy Pods Resources */,
			);
			buildRules = (
			);
			dependencies = (
				DE5866A41ED7BDB700FD57C1 /* PBXTargetDependency */,
			);
			name = InkChatTests;
			productName = InkChatTests;
			productReference = DE5866A21ED7BDB700FD57C1 /* InkChatTests.xctest */;
			productType = "com.apple.product-type.bundle.unit-test";
		};
		DE5866AC1ED7BDB700FD57C1 /* InkChatUITests */ = {
			isa = PBXNativeTarget;
			buildConfigurationList = DE5866BC1ED7BDB800FD57C1 /* Build configuration list for PBXNativeTarget "InkChatUITests" */;
			buildPhases = (
				A4AB76260943C9751356A633 /* [CP] Check Pods Manifest.lock */,
				DE5866A91ED7BDB700FD57C1 /* Sources */,
				DE5866AA1ED7BDB700FD57C1 /* Frameworks */,
				DE5866AB1ED7BDB700FD57C1 /* Resources */,
				646C60CE4103A4A05901D02C /* [CP] Embed Pods Frameworks */,
				487C3F40F0B056591D15025C /* [CP] Copy Pods Resources */,
			);
			buildRules = (
			);
			dependencies = (
				DE5866AF1ED7BDB700FD57C1 /* PBXTargetDependency */,
			);
			name = InkChatUITests;
			productName = InkChatUITests;
			productReference = DE5866AD1ED7BDB700FD57C1 /* InkChatUITests.xctest */;
			productType = "com.apple.product-type.bundle.ui-testing";
		};
/* End PBXNativeTarget section */

/* Begin PBXProject section */
		DE5866831ED7BDB600FD57C1 /* Project object */ = {
			isa = PBXProject;
			attributes = {
				LastSwiftUpdateCheck = 0830;
				LastUpgradeCheck = 0830;
				ORGANIZATIONNAME = iOSDevLog;
				TargetAttributes = {
					DE58668A1ED7BDB700FD57C1 = {
						CreatedOnToolsVersion = 8.3.2;
						DevelopmentTeam = J8W3A83N2L;
						ProvisioningStyle = Automatic;
					};
					DE5866A11ED7BDB700FD57C1 = {
						CreatedOnToolsVersion = 8.3.2;
						ProvisioningStyle = Automatic;
						TestTargetID = DE58668A1ED7BDB700FD57C1;
					};
					DE5866AC1ED7BDB700FD57C1 = {
						CreatedOnToolsVersion = 8.3.2;
						ProvisioningStyle = Automatic;
						TestTargetID = DE58668A1ED7BDB700FD57C1;
					};
				};
			};
			buildConfigurationList = DE5866861ED7BDB700FD57C1 /* Build configuration list for PBXProject "InkChat" */;
			compatibilityVersion = "Xcode 3.2";
			developmentRegion = English;
			hasScannedForEncodings = 0;
			knownRegions = (
				en,
				Base,
			);
			mainGroup = DE5866821ED7BDB600FD57C1;
			productRefGroup = DE58668C1ED7BDB700FD57C1 /* Products */;
			projectDirPath = "";
			projectRoot = "";
			targets = (
				DE58668A1ED7BDB700FD57C1 /* InkChat */,
				DE5866A11ED7BDB700FD57C1 /* InkChatTests */,
				DE5866AC1ED7BDB700FD57C1 /* InkChatUITests */,
			);
		};
/* End PBXProject section */

/* Begin PBXResourcesBuildPhase section */
		DE5866891ED7BDB700FD57C1 /* Resources */ = {
			isa = PBXResourcesBuildPhase;
			buildActionMask = 2147483647;
			files = (
				DE58669C1ED7BDB700FD57C1 /* LaunchScreen.storyboard in Resources */,
				DEDD8E211ED980E900AE8FF0 /* GoogleService-Info.plist in Resources */,
				DE3E6EA21EDA7EC500C10B3E /* Profile.storyboard in Resources */,
				DE5866991ED7BDB700FD57C1 /* Assets.xcassets in Resources */,
				DE6F4F021ED8543400313477 /* Login.storyboard in Resources */,
				DE6F4EED1ED816F600313477 /* TattooCollectionViewCell.xib in Resources */,
				DE5867181ED7DDD700FD57C1 /* MainTableViewCell.xib in Resources */,
				DE5866941ED7BDB700FD57C1 /* Main.storyboard in Resources */,
			);
			runOnlyForDeploymentPostprocessing = 0;
		};
		DE5866A01ED7BDB700FD57C1 /* Resources */ = {
			isa = PBXResourcesBuildPhase;
			buildActionMask = 2147483647;
			files = (
			);
			runOnlyForDeploymentPostprocessing = 0;
		};
		DE5866AB1ED7BDB700FD57C1 /* Resources */ = {
			isa = PBXResourcesBuildPhase;
			buildActionMask = 2147483647;
			files = (
			);
			runOnlyForDeploymentPostprocessing = 0;
		};
/* End PBXResourcesBuildPhase section */

/* Begin PBXShellScriptBuildPhase section */
		142C46F42A8886CF24F96197 /* [CP] Check Pods Manifest.lock */ = {
			isa = PBXShellScriptBuildPhase;
			buildActionMask = 2147483647;
			files = (
			);
			inputPaths = (
			);
			name = "[CP] Check Pods Manifest.lock";
			outputPaths = (
			);
			runOnlyForDeploymentPostprocessing = 0;
			shellPath = /bin/sh;
			shellScript = "diff \"${PODS_PODFILE_DIR_PATH}/Podfile.lock\" \"${PODS_ROOT}/Manifest.lock\" > /dev/null\nif [ $? != 0 ] ; then\n    # print error to STDERR\n    echo \"error: The sandbox is not in sync with the Podfile.lock. Run 'pod install' or update your CocoaPods installation.\" >&2\n    exit 1\nfi\n";
			showEnvVarsInLog = 0;
		};
		2AAAD316E1138447936D52B1 /* [CP] Embed Pods Frameworks */ = {
			isa = PBXShellScriptBuildPhase;
			buildActionMask = 2147483647;
			files = (
			);
			inputPaths = (
			);
			name = "[CP] Embed Pods Frameworks";
			outputPaths = (
			);
			runOnlyForDeploymentPostprocessing = 0;
			shellPath = /bin/sh;
			shellScript = "\"${SRCROOT}/Pods/Target Support Files/Pods-InkChat/Pods-InkChat-frameworks.sh\"\n";
			showEnvVarsInLog = 0;
		};
		44BB673095665428B6CDDD46 /* [CP] Copy Pods Resources */ = {
			isa = PBXShellScriptBuildPhase;
			buildActionMask = 2147483647;
			files = (
			);
			inputPaths = (
			);
			name = "[CP] Copy Pods Resources";
			outputPaths = (
			);
			runOnlyForDeploymentPostprocessing = 0;
			shellPath = /bin/sh;
			shellScript = "\"${SRCROOT}/Pods/Target Support Files/Pods-InkChat/Pods-InkChat-resources.sh\"\n";
			showEnvVarsInLog = 0;
		};
		487C3F40F0B056591D15025C /* [CP] Copy Pods Resources */ = {
			isa = PBXShellScriptBuildPhase;
			buildActionMask = 2147483647;
			files = (
			);
			inputPaths = (
			);
			name = "[CP] Copy Pods Resources";
			outputPaths = (
			);
			runOnlyForDeploymentPostprocessing = 0;
			shellPath = /bin/sh;
			shellScript = "\"${SRCROOT}/Pods/Target Support Files/Pods-InkChatUITests/Pods-InkChatUITests-resources.sh\"\n";
			showEnvVarsInLog = 0;
		};
		561CCD35E037038175C07C85 /* [CP] Check Pods Manifest.lock */ = {
			isa = PBXShellScriptBuildPhase;
			buildActionMask = 2147483647;
			files = (
			);
			inputPaths = (
			);
			name = "[CP] Check Pods Manifest.lock";
			outputPaths = (
			);
			runOnlyForDeploymentPostprocessing = 0;
			shellPath = /bin/sh;
			shellScript = "diff \"${PODS_PODFILE_DIR_PATH}/Podfile.lock\" \"${PODS_ROOT}/Manifest.lock\" > /dev/null\nif [ $? != 0 ] ; then\n    # print error to STDERR\n    echo \"error: The sandbox is not in sync with the Podfile.lock. Run 'pod install' or update your CocoaPods installation.\" >&2\n    exit 1\nfi\n";
			showEnvVarsInLog = 0;
		};
		58307B19699B71E9C4430B8C /* [CP] Embed Pods Frameworks */ = {
			isa = PBXShellScriptBuildPhase;
			buildActionMask = 2147483647;
			files = (
			);
			inputPaths = (
			);
			name = "[CP] Embed Pods Frameworks";
			outputPaths = (
			);
			runOnlyForDeploymentPostprocessing = 0;
			shellPath = /bin/sh;
			shellScript = "\"${SRCROOT}/Pods/Target Support Files/Pods-InkChatTests/Pods-InkChatTests-frameworks.sh\"\n";
			showEnvVarsInLog = 0;
		};
		646C60CE4103A4A05901D02C /* [CP] Embed Pods Frameworks */ = {
			isa = PBXShellScriptBuildPhase;
			buildActionMask = 2147483647;
			files = (
			);
			inputPaths = (
			);
			name = "[CP] Embed Pods Frameworks";
			outputPaths = (
			);
			runOnlyForDeploymentPostprocessing = 0;
			shellPath = /bin/sh;
			shellScript = "\"${SRCROOT}/Pods/Target Support Files/Pods-InkChatUITests/Pods-InkChatUITests-frameworks.sh\"\n";
			showEnvVarsInLog = 0;
		};
		A4AB76260943C9751356A633 /* [CP] Check Pods Manifest.lock */ = {
			isa = PBXShellScriptBuildPhase;
			buildActionMask = 2147483647;
			files = (
			);
			inputPaths = (
			);
			name = "[CP] Check Pods Manifest.lock";
			outputPaths = (
			);
			runOnlyForDeploymentPostprocessing = 0;
			shellPath = /bin/sh;
			shellScript = "diff \"${PODS_PODFILE_DIR_PATH}/Podfile.lock\" \"${PODS_ROOT}/Manifest.lock\" > /dev/null\nif [ $? != 0 ] ; then\n    # print error to STDERR\n    echo \"error: The sandbox is not in sync with the Podfile.lock. Run 'pod install' or update your CocoaPods installation.\" >&2\n    exit 1\nfi\n";
			showEnvVarsInLog = 0;
		};
		DE5866C71ED7DA5E00FD57C1 /* ShellScript */ = {
			isa = PBXShellScriptBuildPhase;
			buildActionMask = 2147483647;
			files = (
			);
			inputPaths = (
			);
			outputPaths = (
			);
			runOnlyForDeploymentPostprocessing = 0;
			shellPath = /bin/sh;
			shellScript = "\"${SRCROOT}/Scripts/iconVersioning.sh\"";
		};
		E7B0D318E48A7A32A01C707E /* [CP] Copy Pods Resources */ = {
			isa = PBXShellScriptBuildPhase;
			buildActionMask = 2147483647;
			files = (
			);
			inputPaths = (
			);
			name = "[CP] Copy Pods Resources";
			outputPaths = (
			);
			runOnlyForDeploymentPostprocessing = 0;
			shellPath = /bin/sh;
			shellScript = "\"${SRCROOT}/Pods/Target Support Files/Pods-InkChatTests/Pods-InkChatTests-resources.sh\"\n";
			showEnvVarsInLog = 0;
		};
/* End PBXShellScriptBuildPhase section */

/* Begin PBXSourcesBuildPhase section */
		DE5866871ED7BDB700FD57C1 /* Sources */ = {
			isa = PBXSourcesBuildPhase;
			buildActionMask = 2147483647;
			files = (
				DE3E6EA61EDA838300C10B3E /* SignUpViewController.swift in Sources */,
				DE58674D1ED7E14F00FD57C1 /* NibLoadableView.swift in Sources */,
				DE5867161ED7DCEC00FD57C1 /* SearchResultsViewController.swift in Sources */,
				DE6F4EE71ED8167A00313477 /* TattooCollectionViewController.swift in Sources */,
				DE6F4EEC1ED816F600313477 /* TattooCollectionViewCell.swift in Sources */,
				DE5867151ED7DCEC00FD57C1 /* SearchControllerBaseViewController.swift in Sources */,
				DE58668F1ED7BDB700FD57C1 /* AppDelegate.swift in Sources */,
				DE6F4EEF1ED8363100313477 /* CustomViewController.swift in Sources */,
				DE6F4EF71ED8492200313477 /* ProfileViewController.swift in Sources */,
				DE6F4F081ED8654700313477 /* LoginViewController.swift in Sources */,
				DE5866C61ED7D72900FD57C1 /* MainTableViewCell.swift in Sources */,
				DE3E6EAC1EDAC1C500C10B3E /* SettingsTableViewController.swift in Sources */,
				DE58674C1ED7E14F00FD57C1 /* ReusableView.swift in Sources */,
				DE24F55E1EDD621400D0CC7D /* Message.swift in Sources */,
				DE21F4611EDDA5BE00D2A8EF /* Double+Ext.swift in Sources */,
				DE21F45F1EDD8A9E00D2A8EF /* UserInfoViewController.swift in Sources */,
				DE5867521ED7E1A700FD57C1 /* UITableView+Ext.swift in Sources */,
				DE5867501ED7E17500FD57C1 /* UICollectionView+Ext.swift in Sources */,
				DE3E6EAA1EDAB59400C10B3E /* PriceViewController.swift in Sources */,
				DE6F4F041ED8618300313477 /* StyleViewController.swift in Sources */,
				DE6F4F061ED863AD00313477 /* StyleCollectionViewCell.swift in Sources */,
				DE5866971ED7BDB700FD57C1 /* InkChat.xcdatamodeld in Sources */,
				DE5867541ED7E33E00FD57C1 /* MainViewController.swift in Sources */,
				DE6F4EF51ED841E100313477 /* MyProfileViewController.swift in Sources */,
				DE6F4EF31ED83C9D00313477 /* FollowTableViewCell.swift in Sources */,
				DE3E6EA81EDAAE4400C10B3E /* TypeViewController.swift in Sources */,
				DE6F4EF11ED83B8E00313477 /* FollowViewController.swift in Sources */,
				DE3E6EA41EDA7F3D00C10B3E /* User.swift in Sources */,
				DE24F55C1EDD5DD500D0CC7D /* ChatViewController.swift in Sources */,
				DE3E6EAE1EDADCA100C10B3E /* Product.swift in Sources */,
			);
			runOnlyForDeploymentPostprocessing = 0;
		};
		DE58669E1ED7BDB700FD57C1 /* Sources */ = {
			isa = PBXSourcesBuildPhase;
			buildActionMask = 2147483647;
			files = (
				DE5866A71ED7BDB700FD57C1 /* InkChatTests.swift in Sources */,
			);
			runOnlyForDeploymentPostprocessing = 0;
		};
		DE5866A91ED7BDB700FD57C1 /* Sources */ = {
			isa = PBXSourcesBuildPhase;
			buildActionMask = 2147483647;
			files = (
				DE5866B21ED7BDB700FD57C1 /* InkChatUITests.swift in Sources */,
			);
			runOnlyForDeploymentPostprocessing = 0;
		};
/* End PBXSourcesBuildPhase section */

/* Begin PBXTargetDependency section */
		DE5866A41ED7BDB700FD57C1 /* PBXTargetDependency */ = {
			isa = PBXTargetDependency;
			target = DE58668A1ED7BDB700FD57C1 /* InkChat */;
			targetProxy = DE5866A31ED7BDB700FD57C1 /* PBXContainerItemProxy */;
		};
		DE5866AF1ED7BDB700FD57C1 /* PBXTargetDependency */ = {
			isa = PBXTargetDependency;
			target = DE58668A1ED7BDB700FD57C1 /* InkChat */;
			targetProxy = DE5866AE1ED7BDB700FD57C1 /* PBXContainerItemProxy */;
		};
/* End PBXTargetDependency section */

/* Begin PBXVariantGroup section */
		DE5866921ED7BDB700FD57C1 /* Main.storyboard */ = {
			isa = PBXVariantGroup;
			children = (
				DE5866931ED7BDB700FD57C1 /* Base */,
			);
			name = Main.storyboard;
			path = ..;
			sourceTree = "<group>";
		};
		DE58669A1ED7BDB700FD57C1 /* LaunchScreen.storyboard */ = {
			isa = PBXVariantGroup;
			children = (
				DE58669B1ED7BDB700FD57C1 /* Base */,
			);
			name = LaunchScreen.storyboard;
			sourceTree = "<group>";
		};
		DE6F4F001ED8543400313477 /* Login.storyboard */ = {
			isa = PBXVariantGroup;
			children = (
				DE6F4F011ED8543400313477 /* Base */,
			);
			name = Login.storyboard;
			sourceTree = "<group>";
		};
/* End PBXVariantGroup section */

/* Begin XCBuildConfiguration section */
		DE5866B41ED7BDB700FD57C1 /* Debug */ = {
			isa = XCBuildConfiguration;
			buildSettings = {
				ALWAYS_SEARCH_USER_PATHS = NO;
				CLANG_ANALYZER_NONNULL = YES;
				CLANG_ANALYZER_NUMBER_OBJECT_CONVERSION = YES_AGGRESSIVE;
				CLANG_CXX_LANGUAGE_STANDARD = "gnu++0x";
				CLANG_CXX_LIBRARY = "libc++";
				CLANG_ENABLE_MODULES = YES;
				CLANG_ENABLE_OBJC_ARC = YES;
				CLANG_WARN_BOOL_CONVERSION = YES;
				CLANG_WARN_CONSTANT_CONVERSION = YES;
				CLANG_WARN_DIRECT_OBJC_ISA_USAGE = YES_ERROR;
				CLANG_WARN_DOCUMENTATION_COMMENTS = YES;
				CLANG_WARN_EMPTY_BODY = YES;
				CLANG_WARN_ENUM_CONVERSION = YES;
				CLANG_WARN_INFINITE_RECURSION = YES;
				CLANG_WARN_INT_CONVERSION = YES;
				CLANG_WARN_OBJC_ROOT_CLASS = YES_ERROR;
				CLANG_WARN_SUSPICIOUS_MOVE = YES;
				CLANG_WARN_UNREACHABLE_CODE = YES;
				CLANG_WARN__DUPLICATE_METHOD_MATCH = YES;
				"CODE_SIGN_IDENTITY[sdk=iphoneos*]" = "iPhone Developer";
				COPY_PHASE_STRIP = NO;
				DEBUG_INFORMATION_FORMAT = dwarf;
				ENABLE_STRICT_OBJC_MSGSEND = YES;
				ENABLE_TESTABILITY = YES;
				GCC_C_LANGUAGE_STANDARD = gnu99;
				GCC_DYNAMIC_NO_PIC = NO;
				GCC_NO_COMMON_BLOCKS = YES;
				GCC_OPTIMIZATION_LEVEL = 0;
				GCC_PREPROCESSOR_DEFINITIONS = (
					"DEBUG=1",
					"$(inherited)",
				);
				GCC_WARN_64_TO_32_BIT_CONVERSION = YES;
				GCC_WARN_ABOUT_RETURN_TYPE = YES_ERROR;
				GCC_WARN_UNDECLARED_SELECTOR = YES;
				GCC_WARN_UNINITIALIZED_AUTOS = YES_AGGRESSIVE;
				GCC_WARN_UNUSED_FUNCTION = YES;
				GCC_WARN_UNUSED_VARIABLE = YES;
				IPHONEOS_DEPLOYMENT_TARGET = 10.3;
				MTL_ENABLE_DEBUG_INFO = YES;
				ONLY_ACTIVE_ARCH = YES;
				SDKROOT = iphoneos;
				SWIFT_ACTIVE_COMPILATION_CONDITIONS = DEBUG;
				SWIFT_OPTIMIZATION_LEVEL = "-Onone";
				TARGETED_DEVICE_FAMILY = "1,2";
			};
			name = Debug;
		};
		DE5866B51ED7BDB700FD57C1 /* Release */ = {
			isa = XCBuildConfiguration;
			buildSettings = {
				ALWAYS_SEARCH_USER_PATHS = NO;
				CLANG_ANALYZER_NONNULL = YES;
				CLANG_ANALYZER_NUMBER_OBJECT_CONVERSION = YES_AGGRESSIVE;
				CLANG_CXX_LANGUAGE_STANDARD = "gnu++0x";
				CLANG_CXX_LIBRARY = "libc++";
				CLANG_ENABLE_MODULES = YES;
				CLANG_ENABLE_OBJC_ARC = YES;
				CLANG_WARN_BOOL_CONVERSION = YES;
				CLANG_WARN_CONSTANT_CONVERSION = YES;
				CLANG_WARN_DIRECT_OBJC_ISA_USAGE = YES_ERROR;
				CLANG_WARN_DOCUMENTATION_COMMENTS = YES;
				CLANG_WARN_EMPTY_BODY = YES;
				CLANG_WARN_ENUM_CONVERSION = YES;
				CLANG_WARN_INFINITE_RECURSION = YES;
				CLANG_WARN_INT_CONVERSION = YES;
				CLANG_WARN_OBJC_ROOT_CLASS = YES_ERROR;
				CLANG_WARN_SUSPICIOUS_MOVE = YES;
				CLANG_WARN_UNREACHABLE_CODE = YES;
				CLANG_WARN__DUPLICATE_METHOD_MATCH = YES;
				"CODE_SIGN_IDENTITY[sdk=iphoneos*]" = "iPhone Developer";
				COPY_PHASE_STRIP = NO;
				DEBUG_INFORMATION_FORMAT = "dwarf-with-dsym";
				ENABLE_NS_ASSERTIONS = NO;
				ENABLE_STRICT_OBJC_MSGSEND = YES;
				GCC_C_LANGUAGE_STANDARD = gnu99;
				GCC_NO_COMMON_BLOCKS = YES;
				GCC_WARN_64_TO_32_BIT_CONVERSION = YES;
				GCC_WARN_ABOUT_RETURN_TYPE = YES_ERROR;
				GCC_WARN_UNDECLARED_SELECTOR = YES;
				GCC_WARN_UNINITIALIZED_AUTOS = YES_AGGRESSIVE;
				GCC_WARN_UNUSED_FUNCTION = YES;
				GCC_WARN_UNUSED_VARIABLE = YES;
				IPHONEOS_DEPLOYMENT_TARGET = 10.3;
				MTL_ENABLE_DEBUG_INFO = NO;
				SDKROOT = iphoneos;
				SWIFT_OPTIMIZATION_LEVEL = "-Owholemodule";
				TARGETED_DEVICE_FAMILY = "1,2";
				VALIDATE_PRODUCT = YES;
			};
			name = Release;
		};
		DE5866B71ED7BDB700FD57C1 /* Debug */ = {
			isa = XCBuildConfiguration;
			baseConfigurationReference = AC58A2858F0C255140D1BE70 /* Pods-InkChat.debug.xcconfig */;
			buildSettings = {
				ASSETCATALOG_COMPILER_APPICON_NAME = AppIcon;
				DEVELOPMENT_TEAM = J8W3A83N2L;
				INFOPLIST_FILE = InkChat/Info.plist;
				IPHONEOS_DEPLOYMENT_TARGET = 10.0;
				LD_RUNPATH_SEARCH_PATHS = "$(inherited) @executable_path/Frameworks";
				PRODUCT_BUNDLE_IDENTIFIER = com.iosdevlog.InkChat;
				PRODUCT_NAME = "$(TARGET_NAME)";
				SWIFT_VERSION = 3.0;
			};
			name = Debug;
		};
		DE5866B81ED7BDB700FD57C1 /* Release */ = {
			isa = XCBuildConfiguration;
			baseConfigurationReference = 3F5C62FEEB1237A717733983 /* Pods-InkChat.release.xcconfig */;
			buildSettings = {
				ASSETCATALOG_COMPILER_APPICON_NAME = AppIcon;
				DEVELOPMENT_TEAM = J8W3A83N2L;
				INFOPLIST_FILE = InkChat/Info.plist;
				IPHONEOS_DEPLOYMENT_TARGET = 10.0;
				LD_RUNPATH_SEARCH_PATHS = "$(inherited) @executable_path/Frameworks";
				PRODUCT_BUNDLE_IDENTIFIER = com.iosdevlog.InkChat;
				PRODUCT_NAME = "$(TARGET_NAME)";
				SWIFT_VERSION = 3.0;
			};
			name = Release;
		};
		DE5866BA1ED7BDB800FD57C1 /* Debug */ = {
			isa = XCBuildConfiguration;
			baseConfigurationReference = F61F3FABFA810316A23FB7A1 /* Pods-InkChatTests.debug.xcconfig */;
			buildSettings = {
				ALWAYS_EMBED_SWIFT_STANDARD_LIBRARIES = YES;
				BUNDLE_LOADER = "$(TEST_HOST)";
				INFOPLIST_FILE = InkChatTests/Info.plist;
				LD_RUNPATH_SEARCH_PATHS = "$(inherited) @executable_path/Frameworks @loader_path/Frameworks";
				PRODUCT_BUNDLE_IDENTIFIER = com.iosdevlog.InkChatTests;
				PRODUCT_NAME = "$(TARGET_NAME)";
				SWIFT_VERSION = 3.0;
				TEST_HOST = "$(BUILT_PRODUCTS_DIR)/InkChat.app/InkChat";
			};
			name = Debug;
		};
		DE5866BB1ED7BDB800FD57C1 /* Release */ = {
			isa = XCBuildConfiguration;
			baseConfigurationReference = DB9CCE2F8417C33343C911AD /* Pods-InkChatTests.release.xcconfig */;
			buildSettings = {
				ALWAYS_EMBED_SWIFT_STANDARD_LIBRARIES = YES;
				BUNDLE_LOADER = "$(TEST_HOST)";
				INFOPLIST_FILE = InkChatTests/Info.plist;
				LD_RUNPATH_SEARCH_PATHS = "$(inherited) @executable_path/Frameworks @loader_path/Frameworks";
				PRODUCT_BUNDLE_IDENTIFIER = com.iosdevlog.InkChatTests;
				PRODUCT_NAME = "$(TARGET_NAME)";
				SWIFT_VERSION = 3.0;
				TEST_HOST = "$(BUILT_PRODUCTS_DIR)/InkChat.app/InkChat";
			};
			name = Release;
		};
		DE5866BD1ED7BDB800FD57C1 /* Debug */ = {
			isa = XCBuildConfiguration;
			baseConfigurationReference = 46B7B5CCB6F95FA42CA19AE6 /* Pods-InkChatUITests.debug.xcconfig */;
			buildSettings = {
				ALWAYS_EMBED_SWIFT_STANDARD_LIBRARIES = YES;
				INFOPLIST_FILE = InkChatUITests/Info.plist;
				LD_RUNPATH_SEARCH_PATHS = "$(inherited) @executable_path/Frameworks @loader_path/Frameworks";
				PRODUCT_BUNDLE_IDENTIFIER = com.iosdevlog.InkChatUITests;
				PRODUCT_NAME = "$(TARGET_NAME)";
				SWIFT_VERSION = 3.0;
				TEST_TARGET_NAME = InkChat;
			};
			name = Debug;
		};
		DE5866BE1ED7BDB800FD57C1 /* Release */ = {
			isa = XCBuildConfiguration;
			baseConfigurationReference = 06D876E6C3AE3ABD9287E6EF /* Pods-InkChatUITests.release.xcconfig */;
			buildSettings = {
				ALWAYS_EMBED_SWIFT_STANDARD_LIBRARIES = YES;
				INFOPLIST_FILE = InkChatUITests/Info.plist;
				LD_RUNPATH_SEARCH_PATHS = "$(inherited) @executable_path/Frameworks @loader_path/Frameworks";
				PRODUCT_BUNDLE_IDENTIFIER = com.iosdevlog.InkChatUITests;
				PRODUCT_NAME = "$(TARGET_NAME)";
				SWIFT_VERSION = 3.0;
				TEST_TARGET_NAME = InkChat;
			};
			name = Release;
		};
/* End XCBuildConfiguration section */

/* Begin XCConfigurationList section */
		DE5866861ED7BDB700FD57C1 /* Build configuration list for PBXProject "InkChat" */ = {
			isa = XCConfigurationList;
			buildConfigurations = (
				DE5866B41ED7BDB700FD57C1 /* Debug */,
				DE5866B51ED7BDB700FD57C1 /* Release */,
			);
			defaultConfigurationIsVisible = 0;
			defaultConfigurationName = Release;
		};
		DE5866B61ED7BDB700FD57C1 /* Build configuration list for PBXNativeTarget "InkChat" */ = {
			isa = XCConfigurationList;
			buildConfigurations = (
				DE5866B71ED7BDB700FD57C1 /* Debug */,
				DE5866B81ED7BDB700FD57C1 /* Release */,
			);
			defaultConfigurationIsVisible = 0;
			defaultConfigurationName = Release;
		};
		DE5866B91ED7BDB800FD57C1 /* Build configuration list for PBXNativeTarget "InkChatTests" */ = {
			isa = XCConfigurationList;
			buildConfigurations = (
				DE5866BA1ED7BDB800FD57C1 /* Debug */,
				DE5866BB1ED7BDB800FD57C1 /* Release */,
			);
			defaultConfigurationIsVisible = 0;
			defaultConfigurationName = Release;
		};
		DE5866BC1ED7BDB800FD57C1 /* Build configuration list for PBXNativeTarget "InkChatUITests" */ = {
			isa = XCConfigurationList;
			buildConfigurations = (
				DE5866BD1ED7BDB800FD57C1 /* Debug */,
				DE5866BE1ED7BDB800FD57C1 /* Release */,
			);
			defaultConfigurationIsVisible = 0;
			defaultConfigurationName = Release;
		};
/* End XCConfigurationList section */

/* Begin XCVersionGroup section */
		DE5866951ED7BDB700FD57C1 /* InkChat.xcdatamodeld */ = {
			isa = XCVersionGroup;
			children = (
				DE5866961ED7BDB700FD57C1 /* InkChat.xcdatamodel */,
			);
			currentVersion = DE5866961ED7BDB700FD57C1 /* InkChat.xcdatamodel */;
			path = InkChat.xcdatamodeld;
			sourceTree = "<group>";
			versionGroupType = wrapper.xcdatamodel;
		};
/* End XCVersionGroup section */
	};
	rootObject = DE5866831ED7BDB600FD57C1 /* Project object */;
}
